
Microsoft Visual Studio Solution File, Format Version 12.00
Project("{FAE04EC0-301F-11D3-BF4B-00C04F79EFBC}") = "DoctorAppointmentWebApi", "DoctorAppointmentWebApi.csproj", "{C274A222-AED6-4876-B52E-1C6909BCB796}"
EndProject
Project("{FAE04EC0-301F-11D3-BF4B-00C04F79EFBC}") = "DoctorAppointmentWeb.Api", "..\С# Projects\DoctorAppointmentWeb.Api\DoctorAppointmentWeb.Api.csproj", "{09D7714F-0777-43C6-A696-C961DA94F67E}"
EndProject
Global
	GlobalSection(SolutionConfigurationPlatforms) = preSolution
		Debug|Any CPU = Debug|Any CPU
		Release|Any CPU = Release|Any CPU
	EndGlobalSection
	GlobalSection(ProjectConfigurationPlatforms) = postSolution
		{C274A222-AED6-4876-B52E-1C6909BCB796}.Debug|Any CPU.ActiveCfg = Debug|Any CPU
		{C274A222-AED6-4876-B52E-1C6909BCB796}.Debug|Any CPU.Build.0 = Debug|Any CPU
		{C274A222-AED6-4876-B52E-1C6909BCB796}.Release|Any CPU.ActiveCfg = Release|Any CPU
		{C274A222-AED6-4876-B52E-1C6909BCB796}.Release|Any CPU.Build.0 = Release|Any CPU
		{09D7714F-0777-43C6-A696-C961DA94F67E}.Debug|Any CPU.ActiveCfg = Debug|Any CPU
		{09D7714F-0777-43C6-A696-C961DA94F67E}.Debug|Any CPU.Build.0 = Debug|Any CPU
		{09D7714F-0777-43C6-A696-C961DA94F67E}.Release|Any CPU.ActiveCfg = Release|Any CPU
		{09D7714F-0777-43C6-A696-C961DA94F67E}.Release|Any CPU.Build.0 = Release|Any CPU
	EndGlobalSection
EndGlobal
